
Microsoft Visual Studio Solution File, Format Version 12.00
# Visual Studio Version 17
VisualStudioVersion = 17.14.36518.9
MinimumVisualStudioVersion = 10.0.40219.1
Project("{FAE04EC0-301F-11D3-BF4B-00C04F79EFBC}") = "spareParts", "spareParts\spareParts.csproj", "{A0981810-5686-4127-833E-E9438AB4EE77}"
EndProject
Project("{00D1A9C2-B5F0-4AF3-8072-F6C62B433612}") = "SpareParts.Database", "SpareParts.Database\SpareParts.Database.sqlproj", "{CEBDFDBC-CADE-4849-B1C7-5043B01318C0}"
EndProject
Project("{FAE04EC0-301F-11D3-BF4B-00C04F79EFBC}") = "SpareParts.Service", "SpareParts.Service\SpareParts.Service.csproj", "{16A6071C-BFE8-4A42-B657-F2493988AA5E}"
EndProject
Global
	GlobalSection(SolutionConfigurationPlatforms) = preSolution
		Debug|Any CPU = Debug|Any CPU
		Release|Any CPU = Release|Any CPU
	EndGlobalSection
	GlobalSection(ProjectConfigurationPlatforms) = postSolution
		{A0981810-5686-4127-833E-E9438AB4EE77}.Debug|Any CPU.ActiveCfg = Debug|Any CPU
		{A0981810-5686-4127-833E-E9438AB4EE77}.Debug|Any CPU.Build.0 = Debug|Any CPU
		{A0981810-5686-4127-833E-E9438AB4EE77}.Debug|Any CPU.Deploy.0 = Debug|Any CPU
		{A0981810-5686-4127-833E-E9438AB4EE77}.Release|Any CPU.ActiveCfg = Release|Any CPU
		{A0981810-5686-4127-833E-E9438AB4EE77}.Release|Any CPU.Build.0 = Release|Any CPU
		{CEBDFDBC-CADE-4849-B1C7-5043B01318C0}.Debug|Any CPU.ActiveCfg = Debug|Any CPU
		{CEBDFDBC-CADE-4849-B1C7-5043B01318C0}.Debug|Any CPU.Build.0 = Debug|Any CPU
		{CEBDFDBC-CADE-4849-B1C7-5043B01318C0}.Debug|Any CPU.Deploy.0 = Debug|Any CPU
		{CEBDFDBC-CADE-4849-B1C7-5043B01318C0}.Release|Any CPU.ActiveCfg = Release|Any CPU
		{CEBDFDBC-CADE-4849-B1C7-5043B01318C0}.Release|Any CPU.Build.0 = Release|Any CPU
		{CEBDFDBC-CADE-4849-B1C7-5043B01318C0}.Release|Any CPU.Deploy.0 = Release|Any CPU
		{16A6071C-BFE8-4A42-B657-F2493988AA5E}.Debug|Any CPU.ActiveCfg = Debug|Any CPU
		{16A6071C-BFE8-4A42-B657-F2493988AA5E}.Debug|Any CPU.Build.0 = Debug|Any CPU
		{16A6071C-BFE8-4A42-B657-F2493988AA5E}.Release|Any CPU.ActiveCfg = Release|Any CPU
		{16A6071C-BFE8-4A42-B657-F2493988AA5E}.Release|Any CPU.Build.0 = Release|Any CPU
	EndGlobalSection
	GlobalSection(SolutionProperties) = preSolution
		HideSolutionNode = FALSE
	EndGlobalSection
	GlobalSection(ExtensibilityGlobals) = postSolution
		SolutionGuid = {5205CA28-EFE1-4B44-BD94-635D58F06ACB}
	EndGlobalSection
EndGlobal
